<Solution>
  <Project Path="tests/TaskManagementService.Tests/TaskManagementService.Tests.csproj" />
  <Project Path="src/TaskManagementService.Api/TaskManagementService.Api.csproj" />
  <Project Path="src/TaskManagementService.Dal/TaskManagementService.Dal.csproj" />
  <Project Path="src/TaskManagementService.Domain/TaskManagementService.Domain.csproj" />
  <Project Path="src/TaskManagementService.Listener.Http.Api/TaskManagementService.Listener.Http.Api.csproj" />
  <Project Path="src/TaskManagementService.Listener.Rabbit.Api/TaskManagementService.Listener.Rabbit.Api.csproj" />
</Solution>
